
Microsoft Visual Studio Solution File, Format Version 12.00
# Visual Studio Version 17
VisualStudioVersion = 17.10.35013.160
MinimumVisualStudioVersion = 10.0.40219.1
Project("{9A19103F-16F7-4668-BE54-9A1E7A4F7556}") = "RentACarWeb", "RentACarWeb\RentACarWeb.csproj", "{57B9F119-24F3-4A3E-9489-6F67F6D20193}"
EndProject
Project("{9A19103F-16F7-4668-BE54-9A1E7A4F7556}") = "DataAccessLayer", "DataAccessLayer\DataAccessLayer.csproj", "{AD6D642B-134A-4EA6-A000-A66A5C4C3997}"
EndProject
Project("{9A19103F-16F7-4668-BE54-9A1E7A4F7556}") = "EntityLayer", "EntityLayer\EntityLayer.csproj", "{CEA99230-EC1A-46D6-A0CB-2FB49512F858}"
EndProject
Global
	GlobalSection(SolutionConfigurationPlatforms) = preSolution
		Debug|Any CPU = Debug|Any CPU
		Release|Any CPU = Release|Any CPU
	EndGlobalSection
	GlobalSection(ProjectConfigurationPlatforms) = postSolution
		{57B9F119-24F3-4A3E-9489-6F67F6D20193}.Debug|Any CPU.ActiveCfg = Debug|Any CPU
		{57B9F119-24F3-4A3E-9489-6F67F6D20193}.Debug|Any CPU.Build.0 = Debug|Any CPU
		{57B9F119-24F3-4A3E-9489-6F67F6D20193}.Release|Any CPU.ActiveCfg = Release|Any CPU
		{57B9F119-24F3-4A3E-9489-6F67F6D20193}.Release|Any CPU.Build.0 = Release|Any CPU
		{AD6D642B-134A-4EA6-A000-A66A5C4C3997}.Debug|Any CPU.ActiveCfg = Debug|Any CPU
		{AD6D642B-134A-4EA6-A000-A66A5C4C3997}.Debug|Any CPU.Build.0 = Debug|Any CPU
		{AD6D642B-134A-4EA6-A000-A66A5C4C3997}.Release|Any CPU.ActiveCfg = Release|Any CPU
		{AD6D642B-134A-4EA6-A000-A66A5C4C3997}.Release|Any CPU.Build.0 = Release|Any CPU
		{CEA99230-EC1A-46D6-A0CB-2FB49512F858}.Debug|Any CPU.ActiveCfg = Debug|Any CPU
		{CEA99230-EC1A-46D6-A0CB-2FB49512F858}.Debug|Any CPU.Build.0 = Debug|Any CPU
		{CEA99230-EC1A-46D6-A0CB-2FB49512F858}.Release|Any CPU.ActiveCfg = Release|Any CPU
		{CEA99230-EC1A-46D6-A0CB-2FB49512F858}.Release|Any CPU.Build.0 = Release|Any CPU
	EndGlobalSection
	GlobalSection(SolutionProperties) = preSolution
		HideSolutionNode = FALSE
	EndGlobalSection
	GlobalSection(ExtensibilityGlobals) = postSolution
		SolutionGuid = {6152FD91-1D2D-455F-BB05-665408004A1A}
	EndGlobalSection
EndGlobal
